// !$*UTF8*$!
{
	archiveVersion = 1;
	classes = {
	};
	objectVersion = 56;
	objects = {

/* Begin PBXBuildFile section */
		42398C7629CEBD8800897F96 /* VoiceIsolationUnit.swift in Sources */ = {isa = PBXBuildFile; fileRef = 42398C7529CEBD8800897F96 /* VoiceIsolationUnit.swift */; };
		42398C7929CED1D300897F96 /* AudioUnitWrapper.swift in Sources */ = {isa = PBXBuildFile; fileRef = 42398C7829CED1D300897F96 /* AudioUnitWrapper.swift */; };
		426639E729D1FB3C00674DD6 /* TrackDocument.swift in Sources */ = {isa = PBXBuildFile; fileRef = 426639E629D1FB3C00674DD6 /* TrackDocument.swift */; };
		426639E929D237DF00674DD6 /* AVIngressDelegate.swift in Sources */ = {isa = PBXBuildFile; fileRef = 426639E829D237DF00674DD6 /* AVIngressDelegate.swift */; };
		4298414229D24AAB00CA41C0 /* SettingsView.swift in Sources */ = {isa = PBXBuildFile; fileRef = 4298414129D24AAB00CA41C0 /* SettingsView.swift */; };
		42C3B63129CFCA7F002887B5 /* README.md in Resources */ = {isa = PBXBuildFile; fileRef = 42C3B63029CFCA7F002887B5 /* README.md */; };
		42C3B63329D09571002887B5 /* PlayingTrack.swift in Sources */ = {isa = PBXBuildFile; fileRef = 42C3B63229D09571002887B5 /* PlayingTrack.swift */; };
		42C3B63529D10EA2002887B5 /* AgnosticUI.swift in Sources */ = {isa = PBXBuildFile; fileRef = 42C3B63429D10EA2002887B5 /* AgnosticUI.swift */; };
		42E1423B29CCB6A500FD8B07 /* QuietNowApp.swift in Sources */ = {isa = PBXBuildFile; fileRef = 42E1423A29CCB6A500FD8B07 /* QuietNowApp.swift */; };
		42E1423D29CCB6A500FD8B07 /* PlayerView.swift in Sources */ = {isa = PBXBuildFile; fileRef = 42E1423C29CCB6A500FD8B07 /* PlayerView.swift */; };
		42E1423F29CCB6A700FD8B07 /* Assets.xcassets in Resources */ = {isa = PBXBuildFile; fileRef = 42E1423E29CCB6A700FD8B07 /* Assets.xcassets */; };
		42E1424929CCB6CD00FD8B07 /* TapManager.swift in Sources */ = {isa = PBXBuildFile; fileRef = 42E1424829CCB6CD00FD8B07 /* TapManager.swift */; };
		42E1425029CCB85300FD8B07 /* MediaPlayer.framework in Frameworks */ = {isa = PBXBuildFile; fileRef = 42E1424F29CCB85200FD8B07 /* MediaPlayer.framework */; };
		42E1425229CCB89B00FD8B07 /* Foundation.framework in Frameworks */ = {isa = PBXBuildFile; fileRef = 42E1425129CCB89B00FD8B07 /* Foundation.framework */; };
/* End PBXBuildFile section */

/* Begin PBXFileReference section */
		42398C7529CEBD8800897F96 /* VoiceIsolationUnit.swift */ = {isa = PBXFileReference; lastKnownFileType = sourcecode.swift; path = VoiceIsolationUnit.swift; sourceTree = "<group>"; };
		42398C7829CED1D300897F96 /* AudioUnitWrapper.swift */ = {isa = PBXFileReference; lastKnownFileType = sourcecode.swift; path = AudioUnitWrapper.swift; sourceTree = "<group>"; };
		426639E629D1FB3C00674DD6 /* TrackDocument.swift */ = {isa = PBXFileReference; lastKnownFileType = sourcecode.swift; path = TrackDocument.swift; sourceTree = "<group>"; };
		426639E829D237DF00674DD6 /* AVIngressDelegate.swift */ = {isa = PBXFileReference; lastKnownFileType = sourcecode.swift; path = AVIngressDelegate.swift; sourceTree = "<group>"; };
		4298414129D24AAB00CA41C0 /* SettingsView.swift */ = {isa = PBXFileReference; lastKnownFileType = sourcecode.swift; path = SettingsView.swift; sourceTree = "<group>"; };
		42C3B63029CFCA7F002887B5 /* README.md */ = {isa = PBXFileReference; fileEncoding = 4; lastKnownFileType = net.daringfireball.markdown; path = README.md; sourceTree = "<group>"; };
		42C3B63229D09571002887B5 /* PlayingTrack.swift */ = {isa = PBXFileReference; lastKnownFileType = sourcecode.swift; path = PlayingTrack.swift; sourceTree = "<group>"; };
		42C3B63429D10EA2002887B5 /* AgnosticUI.swift */ = {isa = PBXFileReference; lastKnownFileType = sourcecode.swift; path = AgnosticUI.swift; sourceTree = "<group>"; };
		42E1423729CCB6A500FD8B07 /* QuietNow.app */ = {isa = PBXFileReference; explicitFileType = wrapper.application; includeInIndex = 0; path = QuietNow.app; sourceTree = BUILT_PRODUCTS_DIR; };
		42E1423A29CCB6A500FD8B07 /* QuietNowApp.swift */ = {isa = PBXFileReference; lastKnownFileType = sourcecode.swift; path = QuietNowApp.swift; sourceTree = "<group>"; };
		42E1423C29CCB6A500FD8B07 /* PlayerView.swift */ = {isa = PBXFileReference; lastKnownFileType = sourcecode.swift; path = PlayerView.swift; sourceTree = "<group>"; };
		42E1423E29CCB6A700FD8B07 /* Assets.xcassets */ = {isa = PBXFileReference; lastKnownFileType = folder.assetcatalog; path = Assets.xcassets; sourceTree = "<group>"; };
		42E1424829CCB6CD00FD8B07 /* TapManager.swift */ = {isa = PBXFileReference; lastKnownFileType = sourcecode.swift; path = TapManager.swift; sourceTree = "<group>"; };
		42E1424F29CCB85200FD8B07 /* MediaPlayer.framework */ = {isa = PBXFileReference; lastKnownFileType = wrapper.framework; name = MediaPlayer.framework; path = System/Library/Frameworks/MediaPlayer.framework; sourceTree = SDKROOT; };
		42E1425129CCB89B00FD8B07 /* Foundation.framework */ = {isa = PBXFileReference; lastKnownFileType = wrapper.framework; name = Foundation.framework; path = System/Library/Frameworks/Foundation.framework; sourceTree = SDKROOT; };
		42E1425329CCB8F400FD8B07 /* QuietNow.entitlements */ = {isa = PBXFileReference; lastKnownFileType = text.plist.entitlements; path = QuietNow.entitlements; sourceTree = "<group>"; };
/* End PBXFileReference section */

/* Begin PBXFrameworksBuildPhase section */
		42E1423429CCB6A500FD8B07 /* Frameworks */ = {
			isa = PBXFrameworksBuildPhase;
			buildActionMask = 2147483647;
			files = (
				42E1425029CCB85300FD8B07 /* MediaPlayer.framework in Frameworks */,
				42E1425229CCB89B00FD8B07 /* Foundation.framework in Frameworks */,
			);
			runOnlyForDeploymentPostprocessing = 0;
		};
/* End PBXFrameworksBuildPhase section */

/* Begin PBXGroup section */
		42398C7729CEBD9700897F96 /* Audio */ = {
			isa = PBXGroup;
			children = (
				426639E829D237DF00674DD6 /* AVIngressDelegate.swift */,
				42398C7829CED1D300897F96 /* AudioUnitWrapper.swift */,
				42E1424829CCB6CD00FD8B07 /* TapManager.swift */,
				42398C7529CEBD8800897F96 /* VoiceIsolationUnit.swift */,
			);
			path = Audio;
			sourceTree = "<group>";
		};
		42E1422E29CCB6A500FD8B07 = {
			isa = PBXGroup;
			children = (
				42C3B63029CFCA7F002887B5 /* README.md */,
				42E1423929CCB6A500FD8B07 /* QuietNow */,
				42E1423829CCB6A500FD8B07 /* Products */,
				42E1424E29CCB85200FD8B07 /* Frameworks */,
			);
			sourceTree = "<group>";
		};
		42E1423829CCB6A500FD8B07 /* Products */ = {
			isa = PBXGroup;
			children = (
				42E1423729CCB6A500FD8B07 /* QuietNow.app */,
			);
			name = Products;
			sourceTree = "<group>";
		};
		42E1423929CCB6A500FD8B07 /* QuietNow */ = {
			isa = PBXGroup;
			children = (
				42398C7729CEBD9700897F96 /* Audio */,
				42E1425329CCB8F400FD8B07 /* QuietNow.entitlements */,
				42E1423A29CCB6A500FD8B07 /* QuietNowApp.swift */,
				42C3B63429D10EA2002887B5 /* AgnosticUI.swift */,
				42E1423C29CCB6A500FD8B07 /* PlayerView.swift */,
				42C3B63229D09571002887B5 /* PlayingTrack.swift */,
				426639E629D1FB3C00674DD6 /* TrackDocument.swift */,
				4298414129D24AAB00CA41C0 /* SettingsView.swift */,
				42E1423E29CCB6A700FD8B07 /* Assets.xcassets */,
			);
			path = QuietNow;
			sourceTree = "<group>";
		};
		42E1424E29CCB85200FD8B07 /* Frameworks */ = {
			isa = PBXGroup;
			children = (
				42E1425129CCB89B00FD8B07 /* Foundation.framework */,
				42E1424F29CCB85200FD8B07 /* MediaPlayer.framework */,
			);
			name = Frameworks;
			sourceTree = "<group>";
		};
/* End PBXGroup section */

/* Begin PBXNativeTarget section */
		42E1423629CCB6A500FD8B07 /* QuietNow */ = {
			isa = PBXNativeTarget;
			buildConfigurationList = 42E1424529CCB6A700FD8B07 /* Build configuration list for PBXNativeTarget "QuietNow" */;
			buildPhases = (
				42E1423329CCB6A500FD8B07 /* Sources */,
				42E1423429CCB6A500FD8B07 /* Frameworks */,
				42E1423529CCB6A500FD8B07 /* Resources */,
			);
			buildRules = (
			);
			dependencies = (
			);
			name = QuietNow;
			packageProductDependencies = (
			);
			productName = QuietNow;
			productReference = 42E1423729CCB6A500FD8B07 /* QuietNow.app */;
			productType = "com.apple.product-type.application";
		};
/* End PBXNativeTarget section */

/* Begin PBXProject section */
		42E1422F29CCB6A500FD8B07 /* Project object */ = {
			isa = PBXProject;
			attributes = {
				BuildIndependentTargetsInParallel = 1;
				LastSwiftUpdateCheck = 1430;
				LastUpgradeCheck = 1430;
				TargetAttributes = {
					42E1423629CCB6A500FD8B07 = {
						CreatedOnToolsVersion = 14.3;
					};
				};
			};
			buildConfigurationList = 42E1423229CCB6A500FD8B07 /* Build configuration list for PBXProject "QuietNow" */;
			compatibilityVersion = "Xcode 14.0";
			developmentRegion = en;
			hasScannedForEncodings = 0;
			knownRegions = (
				en,
				Base,
			);
			mainGroup = 42E1422E29CCB6A500FD8B07;
			packageReferences = (
			);
			productRefGroup = 42E1423829CCB6A500FD8B07 /* Products */;
			projectDirPath = "";
			projectRoot = "";
			targets = (
				42E1423629CCB6A500FD8B07 /* QuietNow */,
			);
		};
/* End PBXProject section */

/* Begin PBXResourcesBuildPhase section */
		42E1423529CCB6A500FD8B07 /* Resources */ = {
			isa = PBXResourcesBuildPhase;
			buildActionMask = 2147483647;
			files = (
				42C3B63129CFCA7F002887B5 /* README.md in Resources */,
				42E1423F29CCB6A700FD8B07 /* Assets.xcassets in Resources */,
			);
			runOnlyForDeploymentPostprocessing = 0;
		};
/* End PBXResourcesBuildPhase section */

/* Begin PBXSourcesBuildPhase section */
		42E1423329CCB6A500FD8B07 /* Sources */ = {
			isa = PBXSourcesBuildPhase;
			buildActionMask = 2147483647;
			files = (
				42E1424929CCB6CD00FD8B07 /* TapManager.swift in Sources */,
				42E1423D29CCB6A500FD8B07 /* PlayerView.swift in Sources */,
				426639E729D1FB3C00674DD6 /* TrackDocument.swift in Sources */,
				42C3B63329D09571002887B5 /* PlayingTrack.swift in Sources */,
				42C3B63529D10EA2002887B5 /* AgnosticUI.swift in Sources */,
				4298414229D24AAB00CA41C0 /* SettingsView.swift in Sources */,
				42398C7629CEBD8800897F96 /* VoiceIsolationUnit.swift in Sources */,
				42E1423B29CCB6A500FD8B07 /* QuietNowApp.swift in Sources */,
				42398C7929CED1D300897F96 /* AudioUnitWrapper.swift in Sources */,
				426639E929D237DF00674DD6 /* AVIngressDelegate.swift in Sources */,
			);
			runOnlyForDeploymentPostprocessing = 0;
		};
/* End PBXSourcesBuildPhase section */

/* Begin XCBuildConfiguration section */
		42E1424329CCB6A700FD8B07 /* Debug */ = {
			isa = XCBuildConfiguration;
			buildSettings = {
				ALWAYS_SEARCH_USER_PATHS = NO;
				CLANG_ANALYZER_NONNULL = YES;
				CLANG_ANALYZER_NUMBER_OBJECT_CONVERSION = YES_AGGRESSIVE;
				CLANG_CXX_LANGUAGE_STANDARD = "gnu++20";
				CLANG_ENABLE_MODULES = YES;
				CLANG_ENABLE_OBJC_ARC = YES;
				CLANG_ENABLE_OBJC_WEAK = YES;
				CLANG_WARN_BLOCK_CAPTURE_AUTORELEASING = YES;
				CLANG_WARN_BOOL_CONVERSION = YES;
				CLANG_WARN_COMMA = YES;
				CLANG_WARN_CONSTANT_CONVERSION = YES;
				CLANG_WARN_DEPRECATED_OBJC_IMPLEMENTATIONS = YES;
				CLANG_WARN_DIRECT_OBJC_ISA_USAGE = YES_ERROR;
				CLANG_WARN_DOCUMENTATION_COMMENTS = YES;
				CLANG_WARN_EMPTY_BODY = YES;
				CLANG_WARN_ENUM_CONVERSION = YES;
				CLANG_WARN_INFINITE_RECURSION = YES;
				CLANG_WARN_INT_CONVERSION = YES;
				CLANG_WARN_NON_LITERAL_NULL_CONVERSION = YES;
				CLANG_WARN_OBJC_IMPLICIT_RETAIN_SELF = YES;
				CLANG_WARN_OBJC_LITERAL_CONVERSION = YES;
				CLANG_WARN_OBJC_ROOT_CLASS = YES_ERROR;
				CLANG_WARN_QUOTED_INCLUDE_IN_FRAMEWORK_HEADER = YES;
				CLANG_WARN_RANGE_LOOP_ANALYSIS = YES;
				CLANG_WARN_STRICT_PROTOTYPES = YES;
				CLANG_WARN_SUSPICIOUS_MOVE = YES;
				CLANG_WARN_UNGUARDED_AVAILABILITY = YES_AGGRESSIVE;
				CLANG_WARN_UNREACHABLE_CODE = YES;
				CLANG_WARN__DUPLICATE_METHOD_MATCH = YES;
				COPY_PHASE_STRIP = NO;
				DEBUG_INFORMATION_FORMAT = dwarf;
				ENABLE_STRICT_OBJC_MSGSEND = YES;
				ENABLE_TESTABILITY = YES;
				GCC_C_LANGUAGE_STANDARD = gnu11;
				GCC_DYNAMIC_NO_PIC = NO;
				GCC_NO_COMMON_BLOCKS = YES;
				GCC_OPTIMIZATION_LEVEL = 0;
				GCC_PREPROCESSOR_DEFINITIONS = (
					"DEBUG=1",
					"$(inherited)",
				);
				GCC_WARN_64_TO_32_BIT_CONVERSION = YES;
				GCC_WARN_ABOUT_RETURN_TYPE = YES_ERROR;
				GCC_WARN_UNDECLARED_SELECTOR = YES;
				GCC_WARN_UNINITIALIZED_AUTOS = YES_AGGRESSIVE;
				GCC_WARN_UNUSED_FUNCTION = YES;
				GCC_WARN_UNUSED_VARIABLE = YES;
				IPHONEOS_DEPLOYMENT_TARGET = 16.4;
				MTL_ENABLE_DEBUG_INFO = INCLUDE_SOURCE;
				MTL_FAST_MATH = YES;
				ONLY_ACTIVE_ARCH = YES;
				SDKROOT = iphoneos;
				SWIFT_ACTIVE_COMPILATION_CONDITIONS = DEBUG;
				SWIFT_OPTIMIZATION_LEVEL = "-Onone";
			};
			name = Debug;
		};
		42E1424429CCB6A700FD8B07 /* Release */ = {
			isa = XCBuildConfiguration;
			buildSettings = {
				ALWAYS_SEARCH_USER_PATHS = NO;
				CLANG_ANALYZER_NONNULL = YES;
				CLANG_ANALYZER_NUMBER_OBJECT_CONVERSION = YES_AGGRESSIVE;
				CLANG_CXX_LANGUAGE_STANDARD = "gnu++20";
				CLANG_ENABLE_MODULES = YES;
				CLANG_ENABLE_OBJC_ARC = YES;
				CLANG_ENABLE_OBJC_WEAK = YES;
				CLANG_WARN_BLOCK_CAPTURE_AUTORELEASING = YES;
				CLANG_WARN_BOOL_CONVERSION = YES;
				CLANG_WARN_COMMA = YES;
				CLANG_WARN_CONSTANT_CONVERSION = YES;
				CLANG_WARN_DEPRECATED_OBJC_IMPLEMENTATIONS = YES;
				CLANG_WARN_DIRECT_OBJC_ISA_USAGE = YES_ERROR;
				CLANG_WARN_DOCUMENTATION_COMMENTS = YES;
				CLANG_WARN_EMPTY_BODY = YES;
				CLANG_WARN_ENUM_CONVERSION = YES;
				CLANG_WARN_INFINITE_RECURSION = YES;
				CLANG_WARN_INT_CONVERSION = YES;
				CLANG_WARN_NON_LITERAL_NULL_CONVERSION = YES;
				CLANG_WARN_OBJC_IMPLICIT_RETAIN_SELF = YES;
				CLANG_WARN_OBJC_LITERAL_CONVERSION = YES;
				CLANG_WARN_OBJC_ROOT_CLASS = YES_ERROR;
				CLANG_WARN_QUOTED_INCLUDE_IN_FRAMEWORK_HEADER = YES;
				CLANG_WARN_RANGE_LOOP_ANALYSIS = YES;
				CLANG_WARN_STRICT_PROTOTYPES = YES;
				CLANG_WARN_SUSPICIOUS_MOVE = YES;
				CLANG_WARN_UNGUARDED_AVAILABILITY = YES_AGGRESSIVE;
				CLANG_WARN_UNREACHABLE_CODE = YES;
				CLANG_WARN__DUPLICATE_METHOD_MATCH = YES;
				COPY_PHASE_STRIP = NO;
				DEBUG_INFORMATION_FORMAT = "dwarf-with-dsym";
				ENABLE_NS_ASSERTIONS = NO;
				ENABLE_STRICT_OBJC_MSGSEND = YES;
				GCC_C_LANGUAGE_STANDARD = gnu11;
				GCC_NO_COMMON_BLOCKS = YES;
				GCC_WARN_64_TO_32_BIT_CONVERSION = YES;
				GCC_WARN_ABOUT_RETURN_TYPE = YES_ERROR;
				GCC_WARN_UNDECLARED_SELECTOR = YES;
				GCC_WARN_UNINITIALIZED_AUTOS = YES_AGGRESSIVE;
				GCC_WARN_UNUSED_FUNCTION = YES;
				GCC_WARN_UNUSED_VARIABLE = YES;
				IPHONEOS_DEPLOYMENT_TARGET = 16.4;
				MTL_ENABLE_DEBUG_INFO = NO;
				MTL_FAST_MATH = YES;
				SDKROOT = iphoneos;
				SWIFT_COMPILATION_MODE = wholemodule;
				SWIFT_OPTIMIZATION_LEVEL = "-O";
				VALIDATE_PRODUCT = YES;
			};
			name = Release;
		};
		42E1424629CCB6A700FD8B07 /* Debug */ = {
			isa = XCBuildConfiguration;
			buildSettings = {
				ASSETCATALOG_COMPILER_APPICON_NAME = AppIcon;
				ASSETCATALOG_COMPILER_GLOBAL_ACCENT_COLOR_NAME = AccentColor;
				CODE_SIGN_ENTITLEMENTS = QuietNow/QuietNow.entitlements;
				CODE_SIGN_STYLE = Automatic;
				CURRENT_PROJECT_VERSION = 1;
				DEVELOPMENT_TEAM = NP873NYDVX;
				ENABLE_PREVIEWS = YES;
				GENERATE_INFOPLIST_FILE = YES;
				INFOPLIST_KEY_UIApplicationSceneManifest_Generation = YES;
				INFOPLIST_KEY_UIApplicationSupportsIndirectInputEvents = YES;
				INFOPLIST_KEY_UILaunchScreen_Generation = YES;
				INFOPLIST_KEY_UISupportedInterfaceOrientations_iPad = "UIInterfaceOrientationPortrait UIInterfaceOrientationPortraitUpsideDown UIInterfaceOrientationLandscapeLeft UIInterfaceOrientationLandscapeRight";
				INFOPLIST_KEY_UISupportedInterfaceOrientations_iPhone = "UIInterfaceOrientationPortrait UIInterfaceOrientationLandscapeLeft UIInterfaceOrientationLandscapeRight";
				LD_RUNPATH_SEARCH_PATHS = (
					"$(inherited)",
					"@executable_path/Frameworks",
				);
				MARKETING_VERSION = 1.0;
				PRODUCT_BUNDLE_IDENTIFIER = space.joscomputing.QuietNow;
				PRODUCT_NAME = "$(TARGET_NAME)";
				SUPPORTED_PLATFORMS = "iphoneos iphonesimulator macosx";
				SUPPORTS_MACCATALYST = NO;
				SUPPORTS_MAC_DESIGNED_FOR_IPHONE_IPAD = NO;
				SWIFT_EMIT_LOC_STRINGS = YES;
				SWIFT_VERSION = 5.0;
				TARGETED_DEVICE_FAMILY = "1,2";
			};
			name = Debug;
		};
		42E1424729CCB6A700FD8B07 /* Release */ = {
			isa = XCBuildConfiguration;
			buildSettings = {
				ASSETCATALOG_COMPILER_APPICON_NAME = AppIcon;
				ASSETCATALOG_COMPILER_GLOBAL_ACCENT_COLOR_NAME = AccentColor;
				CODE_SIGN_ENTITLEMENTS = QuietNow/QuietNow.entitlements;
				CODE_SIGN_STYLE = Automatic;
				CURRENT_PROJECT_VERSION = 1;
				DEVELOPMENT_TEAM = NP873NYDVX;
				ENABLE_PREVIEWS = YES;
				GENERATE_INFOPLIST_FILE = YES;
				INFOPLIST_KEY_UIApplicationSceneManifest_Generation = YES;
				INFOPLIST_KEY_UIApplicationSupportsIndirectInputEvents = YES;
				INFOPLIST_KEY_UILaunchScreen_Generation = YES;
				INFOPLIST_KEY_UISupportedInterfaceOrientations_iPad = "UIInterfaceOrientationPortrait UIInterfaceOrientationPortraitUpsideDown UIInterfaceOrientationLandscapeLeft UIInterfaceOrientationLandscapeRight";
				INFOPLIST_KEY_UISupportedInterfaceOrientations_iPhone = "UIInterfaceOrientationPortrait UIInterfaceOrientationLandscapeLeft UIInterfaceOrientationLandscapeRight";
				LD_RUNPATH_SEARCH_PATHS = (
					"$(inherited)",
					"@executable_path/Frameworks",
				);
				MARKETING_VERSION = 1.0;
				PRODUCT_BUNDLE_IDENTIFIER = space.joscomputing.QuietNow;
				PRODUCT_NAME = "$(TARGET_NAME)";
				SUPPORTED_PLATFORMS = "iphoneos iphonesimulator macosx";
				SUPPORTS_MACCATALYST = NO;
				SUPPORTS_MAC_DESIGNED_FOR_IPHONE_IPAD = NO;
				SWIFT_EMIT_LOC_STRINGS = YES;
				SWIFT_VERSION = 5.0;
				TARGETED_DEVICE_FAMILY = "1,2";
			};
			name = Release;
		};
/* End XCBuildConfiguration section */

/* Begin XCConfigurationList section */
		42E1423229CCB6A500FD8B07 /* Build configuration list for PBXProject "QuietNow" */ = {
			isa = XCConfigurationList;
			buildConfigurations = (
				42E1424329CCB6A700FD8B07 /* Debug */,
				42E1424429CCB6A700FD8B07 /* Release */,
			);
			defaultConfigurationIsVisible = 0;
			defaultConfigurationName = Release;
		};
		42E1424529CCB6A700FD8B07 /* Build configuration list for PBXNativeTarget "QuietNow" */ = {
			isa = XCConfigurationList;
			buildConfigurations = (
				42E1424629CCB6A700FD8B07 /* Debug */,
				42E1424729CCB6A700FD8B07 /* Release */,
			);
			defaultConfigurationIsVisible = 0;
			defaultConfigurationName = Release;
		};
/* End XCConfigurationList section */
	};
	rootObject = 42E1422F29CCB6A500FD8B07 /* Project object */;
}
